# This file is automatically @generated by Cargo.
# It is not intended for manual editing.
version = 4

[[package]]
name = "omlua"
version = "0.1.0"

[[package]]
name = "omlua-driver"
version = "0.1.0"
dependencies = [
 "omlua-ir",
 "omlua-rustc",
]

[[package]]
name = "omlua-ir"
version = "0.1.0"

[[package]]
name = "omlua-rustc"
version = "0.1.0"
dependencies = [
 "omlua-ir",
]
